{
  "name": "pressure",
  "version": "1.0.0",
  "lockfileVersion": 3,
  "requires": true,
  "packages": {
    "": {
      "name": "pressure",
      "version": "1.0.0",
      "license": "ISC",
      "dependencies": {
        "varlock": "^1.10.0"
      }
    },
    "node_modules/varlock": {
      "version": "1.10.0",
      "resolved": "https://registry.npmjs.org/varlock/-/varlock-1.10.0.tgz",
      "integrity": "sha512-o4YahQPmNFGjnYDkBYNWffMQBoQqrlzkBS473k4rFsbYfHH3J627/+62gfPYMTqhsg9HF4qC8ogtOR1vJSZUPA==",
      "license": "MIT",
      "bin": {
        "varlock": "bin/cli.js"
      },
      "engines": {
        "bun": ">=1.3.3",
        "node": ">=22.3.0"
      }
    }
  }
}
